
Microsoft Visual Studio Solution File, Format Version 12.00
# Visual Studio 15
VisualStudioVersion = 15.0.27703.2026
MinimumVisualStudioVersion = 10.0.40219.1
Project("{FAE04EC0-301F-11D3-BF4B-00C04F79EFBC}") = "Otc.PubSub.PunchySubscriber", "Otc.PubSub.PunchySubscriber\Otc.PubSub.PunchySubscriber.csproj", "{DC2F0C52-AA3A-4296-A942-3CA19DC58835}"
EndProject
Project("{FAE04EC0-301F-11D3-BF4B-00C04F79EFBC}") = "Otc.PubSub.PunchySubscriber.Abstractions", "Otc.PubSub.PunchySubscriber.Abstractions\Otc.PubSub.PunchySubscriber.Abstractions.csproj", "{F0AA061F-16B1-43EB-86EA-1D6B341B1A7E}"
EndProject
Project("{FAE04EC0-301F-11D3-BF4B-00C04F79EFBC}") = "Otc.PubSub.PunchySubscriber.Tests", "Otc.PubSub.PunchySubscriber.Tests\Otc.PubSub.PunchySubscriber.Tests.csproj", "{A47A4776-F731-4EB6-B1C7-76BBCCCF0FBF}"
EndProject
Global
	GlobalSection(SolutionConfigurationPlatforms) = preSolution
		Debug|Any CPU = Debug|Any CPU
		Release|Any CPU = Release|Any CPU
	EndGlobalSection
	GlobalSection(ProjectConfigurationPlatforms) = postSolution
		{DC2F0C52-AA3A-4296-A942-3CA19DC58835}.Debug|Any CPU.ActiveCfg = Debug|Any CPU
		{DC2F0C52-AA3A-4296-A942-3CA19DC58835}.Debug|Any CPU.Build.0 = Debug|Any CPU
		{DC2F0C52-AA3A-4296-A942-3CA19DC58835}.Release|Any CPU.ActiveCfg = Release|Any CPU
		{DC2F0C52-AA3A-4296-A942-3CA19DC58835}.Release|Any CPU.Build.0 = Release|Any CPU
		{F0AA061F-16B1-43EB-86EA-1D6B341B1A7E}.Debug|Any CPU.ActiveCfg = Debug|Any CPU
		{F0AA061F-16B1-43EB-86EA-1D6B341B1A7E}.Debug|Any CPU.Build.0 = Debug|Any CPU
		{F0AA061F-16B1-43EB-86EA-1D6B341B1A7E}.Release|Any CPU.ActiveCfg = Release|Any CPU
		{F0AA061F-16B1-43EB-86EA-1D6B341B1A7E}.Release|Any CPU.Build.0 = Release|Any CPU
		{A47A4776-F731-4EB6-B1C7-76BBCCCF0FBF}.Debug|Any CPU.ActiveCfg = Debug|Any CPU
		{A47A4776-F731-4EB6-B1C7-76BBCCCF0FBF}.Debug|Any CPU.Build.0 = Debug|Any CPU
		{A47A4776-F731-4EB6-B1C7-76BBCCCF0FBF}.Release|Any CPU.ActiveCfg = Release|Any CPU
		{A47A4776-F731-4EB6-B1C7-76BBCCCF0FBF}.Release|Any CPU.Build.0 = Release|Any CPU
	EndGlobalSection
	GlobalSection(SolutionProperties) = preSolution
		HideSolutionNode = FALSE
	EndGlobalSection
	GlobalSection(ExtensibilityGlobals) = postSolution
		SolutionGuid = {A80C4AD8-A0CF-46EF-AD06-14FA1B6A4CA0}
	EndGlobalSection
EndGlobal
